
Microsoft Visual Studio Solution File, Format Version 12.00
# Visual Studio Version 16
VisualStudioVersion = 16.0.30114.105
MinimumVisualStudioVersion = 10.0.40219.1
Project("{FAE04EC0-301F-11D3-BF4B-00C04F79EFBC}") = "ToyRobot", "ToyRobot\ToyRobot.csproj", "{DE484171-21CE-4AFF-AA26-7384E03A809D}"
EndProject
Project("{FAE04EC0-301F-11D3-BF4B-00C04F79EFBC}") = "ToyRobot.Tests", "ToyRobot.Tests\ToyRobot.Tests.csproj", "{1E4F71EA-F9EF-447C-A97E-7587E053923A}"
EndProject
Global
	GlobalSection(SolutionConfigurationPlatforms) = preSolution
		Debug|Any CPU = Debug|Any CPU
		Release|Any CPU = Release|Any CPU
	EndGlobalSection
	GlobalSection(SolutionProperties) = preSolution
		HideSolutionNode = FALSE
	EndGlobalSection
	GlobalSection(ProjectConfigurationPlatforms) = postSolution
		{DE484171-21CE-4AFF-AA26-7384E03A809D}.Debug|Any CPU.ActiveCfg = Debug|Any CPU
		{DE484171-21CE-4AFF-AA26-7384E03A809D}.Debug|Any CPU.Build.0 = Debug|Any CPU
		{DE484171-21CE-4AFF-AA26-7384E03A809D}.Release|Any CPU.ActiveCfg = Release|Any CPU
		{DE484171-21CE-4AFF-AA26-7384E03A809D}.Release|Any CPU.Build.0 = Release|Any CPU
		{1E4F71EA-F9EF-447C-A97E-7587E053923A}.Debug|Any CPU.ActiveCfg = Debug|Any CPU
		{1E4F71EA-F9EF-447C-A97E-7587E053923A}.Debug|Any CPU.Build.0 = Debug|Any CPU
		{1E4F71EA-F9EF-447C-A97E-7587E053923A}.Release|Any CPU.ActiveCfg = Release|Any CPU
		{1E4F71EA-F9EF-447C-A97E-7587E053923A}.Release|Any CPU.Build.0 = Release|Any CPU
	EndGlobalSection
EndGlobal
